
Microsoft Visual Studio Solution File, Format Version 12.00
# Visual Studio Version 16
VisualStudioVersion = 16.0.29201.188
MinimumVisualStudioVersion = 10.0.40219.1
Project("{FAE04EC0-301F-11D3-BF4B-00C04F79EFBC}") = "ConsoleApp", "ConsoleApp2\ConsoleApp.csproj", "{8E7CE06B-74B2-4C8E-8D0E-BA6CB973253E}"
EndProject
Project("{FAE04EC0-301F-11D3-BF4B-00C04F79EFBC}") = "ClassLibrary", "ClassLibrary\ClassLibrary.csproj", "{F9E93E86-EABA-4B13-AD93-5ACF7469D9F0}"
EndProject
Global
	GlobalSection(SolutionConfigurationPlatforms) = preSolution
		Debug|Any CPU = Debug|Any CPU
		Release|Any CPU = Release|Any CPU
	EndGlobalSection
	GlobalSection(ProjectConfigurationPlatforms) = postSolution
		{8E7CE06B-74B2-4C8E-8D0E-BA6CB973253E}.Debug|Any CPU.ActiveCfg = Debug|Any CPU
		{8E7CE06B-74B2-4C8E-8D0E-BA6CB973253E}.Debug|Any CPU.Build.0 = Debug|Any CPU
		{8E7CE06B-74B2-4C8E-8D0E-BA6CB973253E}.Release|Any CPU.ActiveCfg = Release|Any CPU
		{8E7CE06B-74B2-4C8E-8D0E-BA6CB973253E}.Release|Any CPU.Build.0 = Release|Any CPU
		{F9E93E86-EABA-4B13-AD93-5ACF7469D9F0}.Debug|Any CPU.ActiveCfg = Debug|Any CPU
		{F9E93E86-EABA-4B13-AD93-5ACF7469D9F0}.Debug|Any CPU.Build.0 = Debug|Any CPU
		{F9E93E86-EABA-4B13-AD93-5ACF7469D9F0}.Release|Any CPU.ActiveCfg = Release|Any CPU
		{F9E93E86-EABA-4B13-AD93-5ACF7469D9F0}.Release|Any CPU.Build.0 = Release|Any CPU
	EndGlobalSection
	GlobalSection(SolutionProperties) = preSolution
		HideSolutionNode = FALSE
	EndGlobalSection
	GlobalSection(ExtensibilityGlobals) = postSolution
		SolutionGuid = {7F2D45A2-490B-4720-9C28-64E1B5701BF9}
	EndGlobalSection
EndGlobal
